
Microsoft Visual Studio Solution File, Format Version 12.00
# Visual Studio Version 17
VisualStudioVersion = 17.9.34723.18
MinimumVisualStudioVersion = 10.0.40219.1
Project("{8BC9CEB8-8B4A-11D0-8D11-00A0C91BC942}") = "W02Win32", "W02Win32\W02Win32.vcxproj", "{560CF86F-CA6B-4601-ADB4-D9DF8F0C2E1D}"
EndProject
Global
	GlobalSection(SolutionConfigurationPlatforms) = preSolution
		Debug|x64 = Debug|x64
		Debug|x86 = Debug|x86
		Release|x64 = Release|x64
		Release|x86 = Release|x86
	EndGlobalSection
	GlobalSection(ProjectConfigurationPlatforms) = postSolution
		{560CF86F-CA6B-4601-ADB4-D9DF8F0C2E1D}.Debug|x64.ActiveCfg = Debug|x64
		{560CF86F-CA6B-4601-ADB4-D9DF8F0C2E1D}.Debug|x64.Build.0 = Debug|x64
		{560CF86F-CA6B-4601-ADB4-D9DF8F0C2E1D}.Debug|x86.ActiveCfg = Debug|Win32
		{560CF86F-CA6B-4601-ADB4-D9DF8F0C2E1D}.Debug|x86.Build.0 = Debug|Win32
		{560CF86F-CA6B-4601-ADB4-D9DF8F0C2E1D}.Release|x64.ActiveCfg = Release|x64
		{560CF86F-CA6B-4601-ADB4-D9DF8F0C2E1D}.Release|x64.Build.0 = Release|x64
		{560CF86F-CA6B-4601-ADB4-D9DF8F0C2E1D}.Release|x86.ActiveCfg = Release|Win32
		{560CF86F-CA6B-4601-ADB4-D9DF8F0C2E1D}.Release|x86.Build.0 = Release|Win32
	EndGlobalSection
	GlobalSection(SolutionProperties) = preSolution
		HideSolutionNode = FALSE
	EndGlobalSection
	GlobalSection(ExtensibilityGlobals) = postSolution
		SolutionGuid = {E873C591-3AFD-47BB-8A04-FA8E1D7683D3}
	EndGlobalSection
EndGlobal
